
Microsoft Visual Studio Solution File, Format Version 12.00
# Visual Studio Version 16
VisualStudioVersion = 16.0.29709.97
MinimumVisualStudioVersion = 10.0.40219.1
Project("{FAE04EC0-301F-11D3-BF4B-00C04F79EFBC}") = "Deliverable2-ConditionalStatment", "Deliverable2-ConditionalStatment.csproj", "{0A7FB0F0-59F4-462E-B19E-40BE157673DA}"
EndProject
Global
	GlobalSection(SolutionConfigurationPlatforms) = preSolution
		Debug|Any CPU = Debug|Any CPU
		Release|Any CPU = Release|Any CPU
	EndGlobalSection
	GlobalSection(ProjectConfigurationPlatforms) = postSolution
		{0A7FB0F0-59F4-462E-B19E-40BE157673DA}.Debug|Any CPU.ActiveCfg = Debug|Any CPU
		{0A7FB0F0-59F4-462E-B19E-40BE157673DA}.Debug|Any CPU.Build.0 = Debug|Any CPU
		{0A7FB0F0-59F4-462E-B19E-40BE157673DA}.Release|Any CPU.ActiveCfg = Release|Any CPU
		{0A7FB0F0-59F4-462E-B19E-40BE157673DA}.Release|Any CPU.Build.0 = Release|Any CPU
	EndGlobalSection
	GlobalSection(SolutionProperties) = preSolution
		HideSolutionNode = FALSE
	EndGlobalSection
	GlobalSection(ExtensibilityGlobals) = postSolution
		SolutionGuid = {07816FD5-F706-48FE-98E4-10E340393845}
	EndGlobalSection
EndGlobal
